# This file is automatically @generated by Cargo.
# It is not intended for manual editing.
version = 4

[[package]]
name = "assert_matches"
version = "1.5.0"
source = "registry+https://github.com/rust-lang/crates.io-index"
checksum = "9b34d609dfbaf33d6889b2b7106d3ca345eacad44200913df5ba02bfd31d2ba9"

[[package]]
name = "codama-renderers-rust-e2e-dummy"
version = "0.0.0"
dependencies = [
 "assert_matches",
 "pinocchio 0.10.1",
 "pinocchio-pubkey",
]

[[package]]
name = "five8_const"
version = "0.1.4"
source = "registry+https://github.com/rust-lang/crates.io-index"
checksum = "26dec3da8bc3ef08f2c04f61eab298c3ab334523e55f076354d6d6f613799a7b"
dependencies = [
 "five8_core",
]

[[package]]
name = "five8_core"
version = "0.1.1"
source = "registry+https://github.com/rust-lang/crates.io-index"
checksum = "94474d15a76982be62ca8a39570dccce148d98c238ebb7408b0a21b2c4bdddc4"

[[package]]
name = "pinocchio"
version = "0.9.1"
source = "registry+https://github.com/rust-lang/crates.io-index"
checksum = "0c3410a5d525f024b0aed7f8747e94e918c91ba64274a190e2365903e2c0b2e9"

[[package]]
name = "pinocchio"
version = "0.10.1"
source = "registry+https://github.com/rust-lang/crates.io-index"
checksum = "dfad955b2fe8f736e1ea276ebb31820d778ee69c1161146054e9b31be2e73326"
dependencies = [
 "solana-account-view",
 "solana-address",
 "solana-define-syscall",
 "solana-instruction-view",
 "solana-program-error",
]

[[package]]
name = "pinocchio-pubkey"
version = "0.3.0"
source = "registry+https://github.com/rust-lang/crates.io-index"
checksum = "cb0225638cadcbebae8932cb7f49cb5da7c15c21beb19f048f05a5ca7d93f065"
dependencies = [
 "five8_const",
 "pinocchio 0.9.1",
 "sha2-const-stable",
]

[[package]]
name = "sha2-const-stable"
version = "0.1.0"
source = "registry+https://github.com/rust-lang/crates.io-index"
checksum = "5f179d4e11094a893b82fff208f74d448a7512f99f5a0acbd5c679b705f83ed9"

[[package]]
name = "solana-account-view"
version = "1.0.0"
source = "registry+https://github.com/rust-lang/crates.io-index"
checksum = "f37ca34c37f92ee341b73d5ce7c8ef5bb38e9a87955b4bd343c63fa18b149215"
dependencies = [
 "solana-address",
 "solana-program-error",
]

[[package]]
name = "solana-address"
version = "2.0.0"
source = "registry+https://github.com/rust-lang/crates.io-index"
checksum = "e37320fd2945c5d654b2c6210624a52d66c3f1f73b653ed211ab91a703b35bdd"
dependencies = [
 "solana-define-syscall",
 "solana-program-error",
]

[[package]]
name = "solana-define-syscall"
version = "4.0.1"
source = "registry+https://github.com/rust-lang/crates.io-index"
checksum = "57e5b1c0bc1d4a4d10c88a4100499d954c09d3fecfae4912c1a074dff68b1738"

[[package]]
name = "solana-instruction-view"
version = "1.0.0"
source = "registry+https://github.com/rust-lang/crates.io-index"
checksum = "60147e4d0a4620013df40bf30a86dd299203ff12fcb8b593cd51014fce0875d8"
dependencies = [
 "solana-account-view",
 "solana-address",
 "solana-define-syscall",
 "solana-program-error",
]

[[package]]
name = "solana-program-error"
version = "3.0.0"
source = "registry+https://github.com/rust-lang/crates.io-index"
checksum = "a1af32c995a7b692a915bb7414d5f8e838450cf7c70414e763d8abcae7b51f28"
